
Microsoft Visual Studio Solution File, Format Version 12.00
# Visual Studio Version 16
VisualStudioVersion = 16.0.31624.102
MinimumVisualStudioVersion = 10.0.40219.1
Project("{8BC9CEB8-8B4A-11D0-8D11-00A0C91BC942}") = "Exercice01", "Exercice01\Exercice01.vcxproj", "{FAD76B04-DF67-430C-A96C-D1C8B359D914}"
EndProject
Project("{8BC9CEB8-8B4A-11D0-8D11-00A0C91BC942}") = "Exercise02", "Exercise02\Exercise02.vcxproj", "{921FB804-CE97-4541-9A09-A1A17CC4532D}"
EndProject
Project("{8BC9CEB8-8B4A-11D0-8D11-00A0C91BC942}") = "Exercice03", "Exercice03\Exercice03.vcxproj", "{FA0CB285-54E0-434B-95E9-C11B7644F347}"
EndProject
Global
	GlobalSection(SolutionConfigurationPlatforms) = preSolution
		Debug|x64 = Debug|x64
		Debug|x86 = Debug|x86
		Release|x64 = Release|x64
		Release|x86 = Release|x86
	EndGlobalSection
	GlobalSection(ProjectConfigurationPlatforms) = postSolution
		{FAD76B04-DF67-430C-A96C-D1C8B359D914}.Debug|x64.ActiveCfg = Debug|x64
		{FAD76B04-DF67-430C-A96C-D1C8B359D914}.Debug|x64.Build.0 = Debug|x64
		{FAD76B04-DF67-430C-A96C-D1C8B359D914}.Debug|x86.ActiveCfg = Debug|Win32
		{FAD76B04-DF67-430C-A96C-D1C8B359D914}.Debug|x86.Build.0 = Debug|Win32
		{FAD76B04-DF67-430C-A96C-D1C8B359D914}.Release|x64.ActiveCfg = Release|x64
		{FAD76B04-DF67-430C-A96C-D1C8B359D914}.Release|x64.Build.0 = Release|x64
		{FAD76B04-DF67-430C-A96C-D1C8B359D914}.Release|x86.ActiveCfg = Release|Win32
		{FAD76B04-DF67-430C-A96C-D1C8B359D914}.Release|x86.Build.0 = Release|Win32
		{921FB804-CE97-4541-9A09-A1A17CC4532D}.Debug|x64.ActiveCfg = Debug|x64
		{921FB804-CE97-4541-9A09-A1A17CC4532D}.Debug|x64.Build.0 = Debug|x64
		{921FB804-CE97-4541-9A09-A1A17CC4532D}.Debug|x86.ActiveCfg = Debug|Win32
		{921FB804-CE97-4541-9A09-A1A17CC4532D}.Debug|x86.Build.0 = Debug|Win32
		{921FB804-CE97-4541-9A09-A1A17CC4532D}.Release|x64.ActiveCfg = Release|x64
		{921FB804-CE97-4541-9A09-A1A17CC4532D}.Release|x64.Build.0 = Release|x64
		{921FB804-CE97-4541-9A09-A1A17CC4532D}.Release|x86.ActiveCfg = Release|Win32
		{921FB804-CE97-4541-9A09-A1A17CC4532D}.Release|x86.Build.0 = Release|Win32
		{FA0CB285-54E0-434B-95E9-C11B7644F347}.Debug|x64.ActiveCfg = Debug|x64
		{FA0CB285-54E0-434B-95E9-C11B7644F347}.Debug|x64.Build.0 = Debug|x64
		{FA0CB285-54E0-434B-95E9-C11B7644F347}.Debug|x86.ActiveCfg = Debug|Win32
		{FA0CB285-54E0-434B-95E9-C11B7644F347}.Debug|x86.Build.0 = Debug|Win32
		{FA0CB285-54E0-434B-95E9-C11B7644F347}.Release|x64.ActiveCfg = Release|x64
		{FA0CB285-54E0-434B-95E9-C11B7644F347}.Release|x64.Build.0 = Release|x64
		{FA0CB285-54E0-434B-95E9-C11B7644F347}.Release|x86.ActiveCfg = Release|Win32
		{FA0CB285-54E0-434B-95E9-C11B7644F347}.Release|x86.Build.0 = Release|Win32
	EndGlobalSection
	GlobalSection(SolutionProperties) = preSolution
		HideSolutionNode = FALSE
	EndGlobalSection
	GlobalSection(ExtensibilityGlobals) = postSolution
		SolutionGuid = {369DE0D6-1230-4DC6-8085-B390B5E1CC1A}
	EndGlobalSection
EndGlobal
